{
    "_readme": [
        "This file locks the dependencies of your project to a known state",
        "Read more about it at https://getcomposer.org/doc/01-basic-usage.md#installing-dependencies",
        "This file is @generated automatically"
    ],
    "content-hash": "ac79c6bc14638dd5129daa8506ca1fdb",
    "packages": [
        {
            "name": "soft-build/hitpay-sdk",
            "version": "1.6",
            "source": {
                "type": "git",
                "url": "https://urbanovichdi@bitbucket.org/urbanovichdi/hitpay-sdk.git",
                "reference": "02675e118a08c135a7d84a2e9243283287a9077c"
            },
            "require": {
                "php": ">=5.6"
            },
            "type": "php",
            "autoload": {
                "psr-4": {
                    "HitPay\\": "src/"
                }
            },
            "authors": [
                {
                    "name": "Urbanovich Dzmitry",
                    "email": "urbanovich.mslo@gmail.com"
                }
            ],
            "time": "2020-07-26T10:15:47+00:00"
        }
    ],
    "packages-dev": [],
    "aliases": [],
    "minimum-stability": "stable",
    "stability-flags": [],
    "prefer-stable": false,
    "prefer-lowest": false,
    "platform": {
        "php": "~7.0.13||~7.1.0||~7.2.0"
    },
    "platform-dev": []
}
